
Microsoft Visual Studio Solution File, Format Version 12.00
# Visual Studio Version 17
VisualStudioVersion = 17.4.33110.190
MinimumVisualStudioVersion = 10.0.40219.1
Project("{FAE04EC0-301F-11D3-BF4B-00C04F79EFBC}") = "Collections", "Collections\Collections.csproj", "{5FCD904F-0EA7-455A-80BA-12DABF728274}"
EndProject
Global
	GlobalSection(SolutionConfigurationPlatforms) = preSolution
		Debug|Any CPU = Debug|Any CPU
		Release|Any CPU = Release|Any CPU
	EndGlobalSection
	GlobalSection(ProjectConfigurationPlatforms) = postSolution
		{5FCD904F-0EA7-455A-80BA-12DABF728274}.Debug|Any CPU.ActiveCfg = Debug|Any CPU
		{5FCD904F-0EA7-455A-80BA-12DABF728274}.Debug|Any CPU.Build.0 = Debug|Any CPU
		{5FCD904F-0EA7-455A-80BA-12DABF728274}.Release|Any CPU.ActiveCfg = Release|Any CPU
		{5FCD904F-0EA7-455A-80BA-12DABF728274}.Release|Any CPU.Build.0 = Release|Any CPU
	EndGlobalSection
	GlobalSection(SolutionProperties) = preSolution
		HideSolutionNode = FALSE
	EndGlobalSection
	GlobalSection(ExtensibilityGlobals) = postSolution
		SolutionGuid = {5E33F751-CB69-4F10-B04B-CBBF933A06B2}
	EndGlobalSection
EndGlobal
